
Microsoft Visual Studio Solution File, Format Version 12.00
# Visual Studio Version 16
VisualStudioVersion = 16.0.30406.217
MinimumVisualStudioVersion = 10.0.40219.1
Project("{FAE04EC0-301F-11D3-BF4B-00C04F79EFBC}") = "Calculator", "Calculator.csproj", "{B2C06074-323B-4508-95E2-A4623B6AFEA7}"
EndProject
Project("{FAE04EC0-301F-11D3-BF4B-00C04F79EFBC}") = "Calculator.Test", "..\Calculator.Test\Calculator.Test.csproj", "{05732084-B2B5-46D0-A886-D7231950BDCD}"
EndProject
Global
	GlobalSection(SolutionConfigurationPlatforms) = preSolution
		Debug|Any CPU = Debug|Any CPU
		Release|Any CPU = Release|Any CPU
	EndGlobalSection
	GlobalSection(ProjectConfigurationPlatforms) = postSolution
		{B2C06074-323B-4508-95E2-A4623B6AFEA7}.Debug|Any CPU.ActiveCfg = Debug|Any CPU
		{B2C06074-323B-4508-95E2-A4623B6AFEA7}.Debug|Any CPU.Build.0 = Debug|Any CPU
		{B2C06074-323B-4508-95E2-A4623B6AFEA7}.Release|Any CPU.ActiveCfg = Release|Any CPU
		{B2C06074-323B-4508-95E2-A4623B6AFEA7}.Release|Any CPU.Build.0 = Release|Any CPU
		{05732084-B2B5-46D0-A886-D7231950BDCD}.Debug|Any CPU.ActiveCfg = Debug|Any CPU
		{05732084-B2B5-46D0-A886-D7231950BDCD}.Debug|Any CPU.Build.0 = Debug|Any CPU
		{05732084-B2B5-46D0-A886-D7231950BDCD}.Release|Any CPU.ActiveCfg = Release|Any CPU
		{05732084-B2B5-46D0-A886-D7231950BDCD}.Release|Any CPU.Build.0 = Release|Any CPU
	EndGlobalSection
	GlobalSection(SolutionProperties) = preSolution
		HideSolutionNode = FALSE
	EndGlobalSection
	GlobalSection(ExtensibilityGlobals) = postSolution
		SolutionGuid = {C8A0CC42-30BD-4314-85F8-B65695830D97}
	EndGlobalSection
EndGlobal
